
Microsoft Visual Studio Solution File, Format Version 12.00
# Visual Studio Version 17
VisualStudioVersion = 17.1.32210.238
MinimumVisualStudioVersion = 10.0.40219.1
Project("{8BC9CEB8-8B4A-11D0-8D11-00A0C91BC942}") = "SixMansPlugin-Rework", "SixMansPlugin-Rework\SixMansPlugin-Rework.vcxproj", "{5563DD41-6CC9-4AA6-B58A-4FDC1BA6D9B1}"
EndProject
Global
	GlobalSection(SolutionConfigurationPlatforms) = preSolution
		Release|x64 = Release|x64
	EndGlobalSection
	GlobalSection(ProjectConfigurationPlatforms) = postSolution
		{5563DD41-6CC9-4AA6-B58A-4FDC1BA6D9B1}.Release|x64.ActiveCfg = Release|x64
		{5563DD41-6CC9-4AA6-B58A-4FDC1BA6D9B1}.Release|x64.Build.0 = Release|x64
	EndGlobalSection
	GlobalSection(SolutionProperties) = preSolution
		HideSolutionNode = FALSE
	EndGlobalSection
	GlobalSection(ExtensibilityGlobals) = postSolution
		SolutionGuid = {9278BAFC-6881-4E81-AAFA-E6C4007BD3F5}
	EndGlobalSection
EndGlobal
